
Microsoft Visual Studio Solution File, Format Version 12.00
# Visual Studio 15
VisualStudioVersion = 15.0.27703.2042
MinimumVisualStudioVersion = 10.0.40219.1
Project("{FAE04EC0-301F-11D3-BF4B-00C04F79EFBC}") = "Training Form", "Training Form\Training Form.csproj", "{03072D60-F41D-4215-8573-88D3CD11800A}"
EndProject
Project("{FAE04EC0-301F-11D3-BF4B-00C04F79EFBC}") = "TestDash", "TestDash\TestDash.csproj", "{CA0283C0-4554-4D2C-90CF-BA218F4FBA81}"
EndProject
Global
	GlobalSection(SolutionConfigurationPlatforms) = preSolution
		Debug|Any CPU = Debug|Any CPU
		Release|Any CPU = Release|Any CPU
	EndGlobalSection
	GlobalSection(ProjectConfigurationPlatforms) = postSolution
		{03072D60-F41D-4215-8573-88D3CD11800A}.Debug|Any CPU.ActiveCfg = Debug|Any CPU
		{03072D60-F41D-4215-8573-88D3CD11800A}.Debug|Any CPU.Build.0 = Debug|Any CPU
		{03072D60-F41D-4215-8573-88D3CD11800A}.Release|Any CPU.ActiveCfg = Release|Any CPU
		{03072D60-F41D-4215-8573-88D3CD11800A}.Release|Any CPU.Build.0 = Release|Any CPU
		{CA0283C0-4554-4D2C-90CF-BA218F4FBA81}.Debug|Any CPU.ActiveCfg = Debug|Any CPU
		{CA0283C0-4554-4D2C-90CF-BA218F4FBA81}.Debug|Any CPU.Build.0 = Debug|Any CPU
		{CA0283C0-4554-4D2C-90CF-BA218F4FBA81}.Release|Any CPU.ActiveCfg = Release|Any CPU
		{CA0283C0-4554-4D2C-90CF-BA218F4FBA81}.Release|Any CPU.Build.0 = Release|Any CPU
	EndGlobalSection
	GlobalSection(SolutionProperties) = preSolution
		HideSolutionNode = FALSE
	EndGlobalSection
	GlobalSection(ExtensibilityGlobals) = postSolution
		SolutionGuid = {2BD785DC-AABD-446E-BBA2-91A963E472A6}
	EndGlobalSection
EndGlobal
